
Microsoft Visual Studio Solution File, Format Version 12.00
# Visual Studio Version 16
VisualStudioVersion = 16.0.31729.503
MinimumVisualStudioVersion = 10.0.40219.1
Project("{FAE04EC0-301F-11D3-BF4B-00C04F79EFBC}") = "Problema_22", "Problema_22\Problema_22.csproj", "{756511EC-E16A-4B14-B43D-E985CFA966F6}"
EndProject
Global
	GlobalSection(SolutionConfigurationPlatforms) = preSolution
		Debug|Any CPU = Debug|Any CPU
		Release|Any CPU = Release|Any CPU
	EndGlobalSection
	GlobalSection(ProjectConfigurationPlatforms) = postSolution
		{756511EC-E16A-4B14-B43D-E985CFA966F6}.Debug|Any CPU.ActiveCfg = Debug|Any CPU
		{756511EC-E16A-4B14-B43D-E985CFA966F6}.Debug|Any CPU.Build.0 = Debug|Any CPU
		{756511EC-E16A-4B14-B43D-E985CFA966F6}.Release|Any CPU.ActiveCfg = Release|Any CPU
		{756511EC-E16A-4B14-B43D-E985CFA966F6}.Release|Any CPU.Build.0 = Release|Any CPU
	EndGlobalSection
	GlobalSection(SolutionProperties) = preSolution
		HideSolutionNode = FALSE
	EndGlobalSection
	GlobalSection(ExtensibilityGlobals) = postSolution
		SolutionGuid = {3740FFB3-C50B-45B2-AC7F-CC9B13830671}
	EndGlobalSection
EndGlobal
